
Microsoft Visual Studio Solution File, Format Version 12.00
# Visual Studio Version 16
VisualStudioVersion = 16.0.31515.178
MinimumVisualStudioVersion = 10.0.40219.1
Project("{9A19103F-16F7-4668-BE54-9A1E7A4F7556}") = "Do-platform", "Do-platform.csproj", "{F621312C-D6D3-4BDA-B6E8-15594A8C2478}"
EndProject
Global
	GlobalSection(SolutionConfigurationPlatforms) = preSolution
		Debug|Any CPU = Debug|Any CPU
		Release|Any CPU = Release|Any CPU
	EndGlobalSection
	GlobalSection(ProjectConfigurationPlatforms) = postSolution
		{F621312C-D6D3-4BDA-B6E8-15594A8C2478}.Debug|Any CPU.ActiveCfg = Debug|Any CPU
		{F621312C-D6D3-4BDA-B6E8-15594A8C2478}.Debug|Any CPU.Build.0 = Debug|Any CPU
		{F621312C-D6D3-4BDA-B6E8-15594A8C2478}.Release|Any CPU.ActiveCfg = Release|Any CPU
		{F621312C-D6D3-4BDA-B6E8-15594A8C2478}.Release|Any CPU.Build.0 = Release|Any CPU
	EndGlobalSection
	GlobalSection(SolutionProperties) = preSolution
		HideSolutionNode = FALSE
	EndGlobalSection
	GlobalSection(ExtensibilityGlobals) = postSolution
		SolutionGuid = {D43FDCD7-4974-43C0-92ED-686CA97E1196}
	EndGlobalSection
EndGlobal
